
Microsoft Visual Studio Solution File, Format Version 12.00
# Visual Studio Version 17
VisualStudioVersion = 17.9.34902.65
MinimumVisualStudioVersion = 10.0.40219.1
Project("{FAE04EC0-301F-11D3-BF4B-00C04F79EFBC}") = "PopCorners", "PopCorners\PopCorners.csproj", "{331F6214-F9AA-4034-8F9C-54C0EFB94380}"
EndProject
Global
	GlobalSection(SolutionConfigurationPlatforms) = preSolution
		Debug|Any CPU = Debug|Any CPU
		Release|Any CPU = Release|Any CPU
	EndGlobalSection
	GlobalSection(ProjectConfigurationPlatforms) = postSolution
		{331F6214-F9AA-4034-8F9C-54C0EFB94380}.Debug|Any CPU.ActiveCfg = Debug|Any CPU
		{331F6214-F9AA-4034-8F9C-54C0EFB94380}.Debug|Any CPU.Build.0 = Debug|Any CPU
		{331F6214-F9AA-4034-8F9C-54C0EFB94380}.Release|Any CPU.ActiveCfg = Release|Any CPU
		{331F6214-F9AA-4034-8F9C-54C0EFB94380}.Release|Any CPU.Build.0 = Release|Any CPU
	EndGlobalSection
	GlobalSection(SolutionProperties) = preSolution
		HideSolutionNode = FALSE
	EndGlobalSection
	GlobalSection(ExtensibilityGlobals) = postSolution
		SolutionGuid = {36C51B1B-092F-4145-8AC8-BC84D6F05409}
	EndGlobalSection
EndGlobal
